{
  "nodes": {
    "cargo2nix": {
      "inputs": {
        "flake-compat": "flake-compat",
        "flake-utils": [
          "flake-utils"
        ],
        "nixpkgs": [
          "nixpkgs"
        ],
        "rust-overlay": "rust-overlay"
      },
      "locked": {
        "lastModified": 1713199118,
        "narHash": "sha256-MlLdAvk+zXCFUy280sY6LqtykqWXIkKVXo72J7a6HlU=",
        "owner": "cargo2nix",
        "repo": "cargo2nix",
        "rev": "1efb03f2f794ad5eed17e807e858c4da001dbc3e",
        "type": "github"
      },
      "original": {
        "owner": "cargo2nix",
        "ref": "main",
        "repo": "cargo2nix",
        "type": "github"
      }
    },
    "fenix": {
      "inputs": {
        "nixpkgs": [
          "nixpkgs"
        ],
        "rust-analyzer-src": "rust-analyzer-src"
      },
      "locked": {
        "lastModified": 1724135364,
        "narHash": "sha256-DuPnJXOeigXK8xQdP6BBc6MqJ9p4TzvNUqSrB2P1GQ4=",
        "owner": "nix-community",
        "repo": "fenix",
        "rev": "b6a1c29a8f460af63f66cad2b5acf3b78867603e",
        "type": "github"
      },
      "original": {
        "owner": "nix-community",
        "repo": "fenix",
        "type": "github"
      }
    },
    "flake-compat": {
      "flake": false,
      "locked": {
        "lastModified": 1696426674,
        "narHash": "sha256-kvjfFW7WAETZlt09AgDn1MrtKzP7t90Vf7vypd3OL1U=",
        "owner": "edolstra",
        "repo": "flake-compat",
        "rev": "0f9255e01c2351cc7d116c072cb317785dd33b33",
        "type": "github"
      },
      "original": {
        "owner": "edolstra",
        "repo": "flake-compat",
        "type": "github"
      }
    },
    "flake-utils": {
      "inputs": {
        "systems": "systems"
      },
      "locked": {
        "lastModified": 1710146030,
        "narHash": "sha256-SZ5L6eA7HJ/nmkzGG7/ISclqe6oZdOZTNoesiInkXPQ=",
        "owner": "numtide",
        "repo": "flake-utils",
        "rev": "b1d9ab70662946ef0850d488da1c9019f3a9752a",
        "type": "github"
      },
      "original": {
        "owner": "numtide",
        "repo": "flake-utils",
        "type": "github"
      }
    },
    "nixpkgs": {
      "locked": {
        "lastModified": 1724047581,
        "narHash": "sha256-BypLrnMS2QvvdVhwWixppTOM3fLPC8eyJse0BNSbbfI=",
        "owner": "nixos",
        "repo": "nixpkgs",
        "rev": "e9b5094b8f6e06a46f9f53bb97a9573b7cedf2a2",
        "type": "github"
      },
      "original": {
        "owner": "nixos",
        "ref": "nixpkgs-unstable",
        "repo": "nixpkgs",
        "type": "github"
      }
    },
    "onehalf": {
      "flake": false,
      "locked": {
        "lastModified": 1659479187,
        "narHash": "sha256-F5gbDtGD2QBDGZOjr/OCJJlyQgxvQTsy8IoNNAjnDzQ=",
        "owner": "sonph",
        "repo": "onehalf",
        "rev": "75eb2e97acd74660779fed8380989ee7891eec56",
        "type": "github"
      },
      "original": {
        "owner": "sonph",
        "ref": "master",
        "repo": "onehalf",
        "type": "github"
      }
    },
    "root": {
      "inputs": {
        "cargo2nix": "cargo2nix",
        "fenix": "fenix",
        "flake-utils": "flake-utils",
        "nixpkgs": "nixpkgs",
        "onehalf": "onehalf"
      }
    },
    "rust-analyzer-src": {
      "flake": false,
      "locked": {
        "lastModified": 1724088625,
        "narHash": "sha256-vgSBWgUKRyT0ZRZYj43GZkZzPEKgNodCuX/uofqlPsc=",
        "owner": "rust-lang",
        "repo": "rust-analyzer",
        "rev": "979e3b54f70f6f231c117a5d628b98106e5c7d31",
        "type": "github"
      },
      "original": {
        "owner": "rust-lang",
        "ref": "nightly",
        "repo": "rust-analyzer",
        "type": "github"
      }
    },
    "rust-overlay": {
      "inputs": {
        "flake-utils": [
          "cargo2nix",
          "flake-utils"
        ],
        "nixpkgs": [
          "cargo2nix",
          "nixpkgs"
        ]
      },
      "locked": {
        "lastModified": 1705112162,
        "narHash": "sha256-IAM0+Uijh/fwlfoeDrOwau9MxcZW3zeDoUHc6Z3xfqM=",
        "owner": "oxalica",
        "repo": "rust-overlay",
        "rev": "9e0af26ffe52bf955ad5575888f093e41fba0104",
        "type": "github"
      },
      "original": {
        "owner": "oxalica",
        "repo": "rust-overlay",
        "type": "github"
      }
    },
    "systems": {
      "locked": {
        "lastModified": 1681028828,
        "narHash": "sha256-Vy1rq5AaRuLzOxct8nz4T6wlgyUR7zLU309k9mBC768=",
        "owner": "nix-systems",
        "repo": "default",
        "rev": "da67096a3b9bf56a91d16901293e51ba5b49a27e",
        "type": "github"
      },
      "original": {
        "owner": "nix-systems",
        "repo": "default",
        "type": "github"
      }
    }
  },
  "root": "root",
  "version": 7
}
